
Microsoft Visual Studio Solution File, Format Version 12.00
# Visual Studio Version 17
VisualStudioVersion = 17.14.36908.2 d17.14
MinimumVisualStudioVersion = 10.0.40219.1
Project("{FAE04EC0-301F-11D3-BF4B-00C04F79EFBC}") = "practice2", "practice2.csproj", "{586E7477-6295-485D-A11F-63951220BB33}"
EndProject
Global
	GlobalSection(SolutionConfigurationPlatforms) = preSolution
		Debug|Any CPU = Debug|Any CPU
		Release|Any CPU = Release|Any CPU
	EndGlobalSection
	GlobalSection(ProjectConfigurationPlatforms) = postSolution
		{586E7477-6295-485D-A11F-63951220BB33}.Debug|Any CPU.ActiveCfg = Debug|Any CPU
		{586E7477-6295-485D-A11F-63951220BB33}.Debug|Any CPU.Build.0 = Debug|Any CPU
		{586E7477-6295-485D-A11F-63951220BB33}.Release|Any CPU.ActiveCfg = Release|Any CPU
		{586E7477-6295-485D-A11F-63951220BB33}.Release|Any CPU.Build.0 = Release|Any CPU
	EndGlobalSection
	GlobalSection(SolutionProperties) = preSolution
		HideSolutionNode = FALSE
	EndGlobalSection
	GlobalSection(ExtensibilityGlobals) = postSolution
		SolutionGuid = {BBC11736-5F12-46FC-A912-D96D973B1602}
	EndGlobalSection
EndGlobal
